
Microsoft Visual Studio Solution File, Format Version 12.00
# Visual Studio Version 16
VisualStudioVersion = 16.0.30804.86
MinimumVisualStudioVersion = 10.0.40219.1
Project("{FAE04EC0-301F-11D3-BF4B-00C04F79EFBC}") = "CICDPoc", "CICDPoc\CICDPoc.csproj", "{4D0AF167-4235-49E6-AA06-8ABF5F384090}"
EndProject
Global
	GlobalSection(SolutionConfigurationPlatforms) = preSolution
		Debug|Any CPU = Debug|Any CPU
		Release|Any CPU = Release|Any CPU
	EndGlobalSection
	GlobalSection(ProjectConfigurationPlatforms) = postSolution
		{4D0AF167-4235-49E6-AA06-8ABF5F384090}.Debug|Any CPU.ActiveCfg = Debug|Any CPU
		{4D0AF167-4235-49E6-AA06-8ABF5F384090}.Debug|Any CPU.Build.0 = Debug|Any CPU
		{4D0AF167-4235-49E6-AA06-8ABF5F384090}.Release|Any CPU.ActiveCfg = Release|Any CPU
		{4D0AF167-4235-49E6-AA06-8ABF5F384090}.Release|Any CPU.Build.0 = Release|Any CPU
	EndGlobalSection
	GlobalSection(SolutionProperties) = preSolution
		HideSolutionNode = FALSE
	EndGlobalSection
	GlobalSection(ExtensibilityGlobals) = postSolution
		SolutionGuid = {D27A72F5-CF8E-4FC6-8762-D6AB66752853}
	EndGlobalSection
EndGlobal
